
Microsoft Visual Studio Solution File, Format Version 12.00
# Visual Studio Version 17
VisualStudioVersion = 17.9.34728.123
MinimumVisualStudioVersion = 10.0.40219.1
Project("{FAE04EC0-301F-11D3-BF4B-00C04F79EFBC}") = "CustomFoodNamesMod", "CustomFoodNamesMod\CustomFoodNamesMod.csproj", "{B6EE845C-AC46-409C-B1E3-494F69676E49}"
EndProject
Project("{FAE04EC0-301F-11D3-BF4B-00C04F79EFBC}") = "CustomFoodNamesMod.Tests", "CustomFoodNamesMod.Tests\CustomFoodNamesMod.Tests.csproj", "{EE666B98-4D47-463C-9E9C-DE8ACBB639D0}"
EndProject
Global
	GlobalSection(SolutionConfigurationPlatforms) = preSolution
		Debug|Any CPU = Debug|Any CPU
		Release|Any CPU = Release|Any CPU
	EndGlobalSection
	GlobalSection(ProjectConfigurationPlatforms) = postSolution
		{B6EE845C-AC46-409C-B1E3-494F69676E49}.Debug|Any CPU.ActiveCfg = Debug|Any CPU
		{B6EE845C-AC46-409C-B1E3-494F69676E49}.Debug|Any CPU.Build.0 = Debug|Any CPU
		{B6EE845C-AC46-409C-B1E3-494F69676E49}.Release|Any CPU.ActiveCfg = Release|Any CPU
		{B6EE845C-AC46-409C-B1E3-494F69676E49}.Release|Any CPU.Build.0 = Release|Any CPU
		{EE666B98-4D47-463C-9E9C-DE8ACBB639D0}.Debug|Any CPU.ActiveCfg = Debug|Any CPU
		{EE666B98-4D47-463C-9E9C-DE8ACBB639D0}.Debug|Any CPU.Build.0 = Debug|Any CPU
		{EE666B98-4D47-463C-9E9C-DE8ACBB639D0}.Release|Any CPU.ActiveCfg = Release|Any CPU
		{EE666B98-4D47-463C-9E9C-DE8ACBB639D0}.Release|Any CPU.Build.0 = Release|Any CPU
	EndGlobalSection
	GlobalSection(SolutionProperties) = preSolution
		HideSolutionNode = FALSE
	EndGlobalSection
	GlobalSection(ExtensibilityGlobals) = postSolution
		SolutionGuid = {39DD461C-3FB3-4947-B2A0-8D6C129DE247}
	EndGlobalSection
EndGlobal
